
Microsoft Visual Studio Solution File, Format Version 12.00
# Visual Studio Version 17
VisualStudioVersion = 17.8.34601.278
MinimumVisualStudioVersion = 10.0.40219.1
Project("{9A19103F-16F7-4668-BE54-9A1E7A4F7556}") = "WebApi", "Api\WebApi.csproj", "{7EB781D5-C983-44D2-935A-4EE019307A4D}"
EndProject
Project("{9A19103F-16F7-4668-BE54-9A1E7A4F7556}") = "WepApp", "WepApp\WepApp.csproj", "{C8D36C7E-A097-4C03-A04D-10DFE6DB2960}"
EndProject
Project("{9A19103F-16F7-4668-BE54-9A1E7A4F7556}") = "MovilApp", "MovilApp\MovilApp.csproj", "{4A311A91-8767-4E83-BB79-0804116BC225}"
EndProject
Project("{2150E333-8FDC-42A3-9474-1A3956D46DE8}") = "core", "core", "{5D8A0CE5-2037-49EE-AEE3-E6C7DAE5D6D8}"
EndProject
Project("{2150E333-8FDC-42A3-9474-1A3956D46DE8}") = "WebApp", "WebApp", "{90D9CA33-6A62-4B29-BDB9-EA509710EFAB}"
EndProject
Project("{2150E333-8FDC-42A3-9474-1A3956D46DE8}") = "Mobile", "Mobile", "{4DC46AAD-45B9-4C5A-9DCD-6368E3B9803A}"
EndProject
Project("{9A19103F-16F7-4668-BE54-9A1E7A4F7556}") = "Api.Infrastructure", "infrastructure\Api.Infrastructure.csproj", "{77969DFB-3E5F-4212-A3E7-12A7811B38F3}"
EndProject
Project("{9A19103F-16F7-4668-BE54-9A1E7A4F7556}") = "Models", "Models\Models.csproj", "{3A948C4E-37E3-4FAE-B721-AAA93189B349}"
EndProject
Project("{9A19103F-16F7-4668-BE54-9A1E7A4F7556}") = "interfaces", "interfaces\interfaces.csproj", "{5F7A934D-2BF7-419F-86D1-6646788AB574}"
EndProject
Project("{9A19103F-16F7-4668-BE54-9A1E7A4F7556}") = "Api.UserStories", "UserStories\Api.UserStories.csproj", "{59B8F265-A4C9-47BB-BCAA-D10A8DC876BD}"
EndProject
Project("{2150E333-8FDC-42A3-9474-1A3956D46DE8}") = "Api", "Api", "{267E6675-0B04-45AF-840A-C83ADCB0FC4C}"
EndProject
Project("{9A19103F-16F7-4668-BE54-9A1E7A4F7556}") = "common", "common\common.csproj", "{DAEE0ED3-59E9-4E05-81F5-31203727C1F2}"
EndProject
Project("{9A19103F-16F7-4668-BE54-9A1E7A4F7556}") = "Front.Infrastructure", "front.infrastructure\Front.Infrastructure.csproj", "{D6B1CFDE-7C18-484D-AB14-84F6B24F0E0B}"
EndProject
Project("{9A19103F-16F7-4668-BE54-9A1E7A4F7556}") = "front.UserStories", "front.UserStories\front.UserStories.csproj", "{5DA15CEA-E9AF-46F7-9546-95F0B37946DF}"
EndProject
Project("{FAE04EC0-301F-11D3-BF4B-00C04F79EFBC}") = "MauiAppDemo", "MauiAppDemo\MauiAppDemo.csproj", "{8633D7B3-BF61-4EE9-9A7A-492EC8BF108A}"
EndProject
Global
	GlobalSection(SolutionConfigurationPlatforms) = preSolution
		Debug|Any CPU = Debug|Any CPU
		Release|Any CPU = Release|Any CPU
	EndGlobalSection
	GlobalSection(ProjectConfigurationPlatforms) = postSolution
		{7EB781D5-C983-44D2-935A-4EE019307A4D}.Debug|Any CPU.ActiveCfg = Debug|Any CPU
		{7EB781D5-C983-44D2-935A-4EE019307A4D}.Debug|Any CPU.Build.0 = Debug|Any CPU
		{7EB781D5-C983-44D2-935A-4EE019307A4D}.Release|Any CPU.ActiveCfg = Release|Any CPU
		{7EB781D5-C983-44D2-935A-4EE019307A4D}.Release|Any CPU.Build.0 = Release|Any CPU
		{C8D36C7E-A097-4C03-A04D-10DFE6DB2960}.Debug|Any CPU.ActiveCfg = Debug|Any CPU
		{C8D36C7E-A097-4C03-A04D-10DFE6DB2960}.Debug|Any CPU.Build.0 = Debug|Any CPU
		{C8D36C7E-A097-4C03-A04D-10DFE6DB2960}.Release|Any CPU.ActiveCfg = Release|Any CPU
		{C8D36C7E-A097-4C03-A04D-10DFE6DB2960}.Release|Any CPU.Build.0 = Release|Any CPU
		{4A311A91-8767-4E83-BB79-0804116BC225}.Debug|Any CPU.ActiveCfg = Debug|Any CPU
		{4A311A91-8767-4E83-BB79-0804116BC225}.Debug|Any CPU.Build.0 = Debug|Any CPU
		{4A311A91-8767-4E83-BB79-0804116BC225}.Debug|Any CPU.Deploy.0 = Debug|Any CPU
		{4A311A91-8767-4E83-BB79-0804116BC225}.Release|Any CPU.ActiveCfg = Release|Any CPU
		{4A311A91-8767-4E83-BB79-0804116BC225}.Release|Any CPU.Build.0 = Release|Any CPU
		{77969DFB-3E5F-4212-A3E7-12A7811B38F3}.Debug|Any CPU.ActiveCfg = Debug|Any CPU
		{77969DFB-3E5F-4212-A3E7-12A7811B38F3}.Debug|Any CPU.Build.0 = Debug|Any CPU
		{77969DFB-3E5F-4212-A3E7-12A7811B38F3}.Release|Any CPU.ActiveCfg = Release|Any CPU
		{77969DFB-3E5F-4212-A3E7-12A7811B38F3}.Release|Any CPU.Build.0 = Release|Any CPU
		{3A948C4E-37E3-4FAE-B721-AAA93189B349}.Debug|Any CPU.ActiveCfg = Debug|Any CPU
		{3A948C4E-37E3-4FAE-B721-AAA93189B349}.Debug|Any CPU.Build.0 = Debug|Any CPU
		{3A948C4E-37E3-4FAE-B721-AAA93189B349}.Release|Any CPU.ActiveCfg = Release|Any CPU
		{3A948C4E-37E3-4FAE-B721-AAA93189B349}.Release|Any CPU.Build.0 = Release|Any CPU
		{5F7A934D-2BF7-419F-86D1-6646788AB574}.Debug|Any CPU.ActiveCfg = Debug|Any CPU
		{5F7A934D-2BF7-419F-86D1-6646788AB574}.Debug|Any CPU.Build.0 = Debug|Any CPU
		{5F7A934D-2BF7-419F-86D1-6646788AB574}.Release|Any CPU.ActiveCfg = Release|Any CPU
		{5F7A934D-2BF7-419F-86D1-6646788AB574}.Release|Any CPU.Build.0 = Release|Any CPU
		{59B8F265-A4C9-47BB-BCAA-D10A8DC876BD}.Debug|Any CPU.ActiveCfg = Debug|Any CPU
		{59B8F265-A4C9-47BB-BCAA-D10A8DC876BD}.Debug|Any CPU.Build.0 = Debug|Any CPU
		{59B8F265-A4C9-47BB-BCAA-D10A8DC876BD}.Release|Any CPU.ActiveCfg = Release|Any CPU
		{59B8F265-A4C9-47BB-BCAA-D10A8DC876BD}.Release|Any CPU.Build.0 = Release|Any CPU
		{DAEE0ED3-59E9-4E05-81F5-31203727C1F2}.Debug|Any CPU.ActiveCfg = Debug|Any CPU
		{DAEE0ED3-59E9-4E05-81F5-31203727C1F2}.Debug|Any CPU.Build.0 = Debug|Any CPU
		{DAEE0ED3-59E9-4E05-81F5-31203727C1F2}.Release|Any CPU.ActiveCfg = Release|Any CPU
		{DAEE0ED3-59E9-4E05-81F5-31203727C1F2}.Release|Any CPU.Build.0 = Release|Any CPU
		{D6B1CFDE-7C18-484D-AB14-84F6B24F0E0B}.Debug|Any CPU.ActiveCfg = Debug|Any CPU
		{D6B1CFDE-7C18-484D-AB14-84F6B24F0E0B}.Debug|Any CPU.Build.0 = Debug|Any CPU
		{D6B1CFDE-7C18-484D-AB14-84F6B24F0E0B}.Release|Any CPU.ActiveCfg = Release|Any CPU
		{D6B1CFDE-7C18-484D-AB14-84F6B24F0E0B}.Release|Any CPU.Build.0 = Release|Any CPU
		{5DA15CEA-E9AF-46F7-9546-95F0B37946DF}.Debug|Any CPU.ActiveCfg = Debug|Any CPU
		{5DA15CEA-E9AF-46F7-9546-95F0B37946DF}.Debug|Any CPU.Build.0 = Debug|Any CPU
		{5DA15CEA-E9AF-46F7-9546-95F0B37946DF}.Release|Any CPU.ActiveCfg = Release|Any CPU
		{5DA15CEA-E9AF-46F7-9546-95F0B37946DF}.Release|Any CPU.Build.0 = Release|Any CPU
		{8633D7B3-BF61-4EE9-9A7A-492EC8BF108A}.Debug|Any CPU.ActiveCfg = Debug|Any CPU
		{8633D7B3-BF61-4EE9-9A7A-492EC8BF108A}.Debug|Any CPU.Build.0 = Debug|Any CPU
		{8633D7B3-BF61-4EE9-9A7A-492EC8BF108A}.Debug|Any CPU.Deploy.0 = Debug|Any CPU
		{8633D7B3-BF61-4EE9-9A7A-492EC8BF108A}.Release|Any CPU.ActiveCfg = Release|Any CPU
		{8633D7B3-BF61-4EE9-9A7A-492EC8BF108A}.Release|Any CPU.Build.0 = Release|Any CPU
		{8633D7B3-BF61-4EE9-9A7A-492EC8BF108A}.Release|Any CPU.Deploy.0 = Release|Any CPU
	EndGlobalSection
	GlobalSection(SolutionProperties) = preSolution
		HideSolutionNode = FALSE
	EndGlobalSection
	GlobalSection(NestedProjects) = preSolution
		{7EB781D5-C983-44D2-935A-4EE019307A4D} = {267E6675-0B04-45AF-840A-C83ADCB0FC4C}
		{C8D36C7E-A097-4C03-A04D-10DFE6DB2960} = {90D9CA33-6A62-4B29-BDB9-EA509710EFAB}
		{4A311A91-8767-4E83-BB79-0804116BC225} = {4DC46AAD-45B9-4C5A-9DCD-6368E3B9803A}
		{77969DFB-3E5F-4212-A3E7-12A7811B38F3} = {5D8A0CE5-2037-49EE-AEE3-E6C7DAE5D6D8}
		{3A948C4E-37E3-4FAE-B721-AAA93189B349} = {5D8A0CE5-2037-49EE-AEE3-E6C7DAE5D6D8}
		{5F7A934D-2BF7-419F-86D1-6646788AB574} = {5D8A0CE5-2037-49EE-AEE3-E6C7DAE5D6D8}
		{59B8F265-A4C9-47BB-BCAA-D10A8DC876BD} = {5D8A0CE5-2037-49EE-AEE3-E6C7DAE5D6D8}
		{DAEE0ED3-59E9-4E05-81F5-31203727C1F2} = {5D8A0CE5-2037-49EE-AEE3-E6C7DAE5D6D8}
		{D6B1CFDE-7C18-484D-AB14-84F6B24F0E0B} = {5D8A0CE5-2037-49EE-AEE3-E6C7DAE5D6D8}
		{5DA15CEA-E9AF-46F7-9546-95F0B37946DF} = {5D8A0CE5-2037-49EE-AEE3-E6C7DAE5D6D8}
		{8633D7B3-BF61-4EE9-9A7A-492EC8BF108A} = {4DC46AAD-45B9-4C5A-9DCD-6368E3B9803A}
	EndGlobalSection
	GlobalSection(ExtensibilityGlobals) = postSolution
		SolutionGuid = {973F2A90-D0D2-4D7B-8E8D-335E1DECDDC7}
	EndGlobalSection
EndGlobal
